
Microsoft Visual Studio Solution File, Format Version 12.00
# Visual Studio Version 16
VisualStudioVersion = 16.0.31515.178
MinimumVisualStudioVersion = 10.0.40219.1
Project("{FAE04EC0-301F-11D3-BF4B-00C04F79EFBC}") = "ShoppingCar", "ShoppingCar\ShoppingCar.csproj", "{C6DD1E49-8CA6-4661-A713-43E04AEB3E66}"
EndProject
Project("{FAE04EC0-301F-11D3-BF4B-00C04F79EFBC}") = "ShoppingCar.Tests", "ShoppingCar.Tests\ShoppingCar.Tests.csproj", "{A4929A56-B738-4BB8-88B9-793AC92A774C}"
EndProject
Global
	GlobalSection(SolutionConfigurationPlatforms) = preSolution
		Debug|Any CPU = Debug|Any CPU
		Release|Any CPU = Release|Any CPU
	EndGlobalSection
	GlobalSection(ProjectConfigurationPlatforms) = postSolution
		{C6DD1E49-8CA6-4661-A713-43E04AEB3E66}.Debug|Any CPU.ActiveCfg = Debug|Any CPU
		{C6DD1E49-8CA6-4661-A713-43E04AEB3E66}.Debug|Any CPU.Build.0 = Debug|Any CPU
		{C6DD1E49-8CA6-4661-A713-43E04AEB3E66}.Release|Any CPU.ActiveCfg = Release|Any CPU
		{C6DD1E49-8CA6-4661-A713-43E04AEB3E66}.Release|Any CPU.Build.0 = Release|Any CPU
		{A4929A56-B738-4BB8-88B9-793AC92A774C}.Debug|Any CPU.ActiveCfg = Debug|Any CPU
		{A4929A56-B738-4BB8-88B9-793AC92A774C}.Debug|Any CPU.Build.0 = Debug|Any CPU
		{A4929A56-B738-4BB8-88B9-793AC92A774C}.Release|Any CPU.ActiveCfg = Release|Any CPU
		{A4929A56-B738-4BB8-88B9-793AC92A774C}.Release|Any CPU.Build.0 = Release|Any CPU
	EndGlobalSection
	GlobalSection(SolutionProperties) = preSolution
		HideSolutionNode = FALSE
	EndGlobalSection
	GlobalSection(ExtensibilityGlobals) = postSolution
		SolutionGuid = {90288942-57CC-4B31-9241-D5B403A7A0EF}
	EndGlobalSection
EndGlobal
